
Microsoft Visual Studio Solution File, Format Version 12.00
# Visual Studio Version 16
VisualStudioVersion = 16.0.29409.12
MinimumVisualStudioVersion = 10.0.40219.1
Project("{FAE04EC0-301F-11D3-BF4B-00C04F79EFBC}") = "7_6_WritingTheSecondTest", "7_6_WritingTheSecondTest\7_6_WritingTheSecondTest.csproj", "{38C0D4E0-624B-4345-9E80-EF38C213BFE4}"
EndProject
Project("{FAE04EC0-301F-11D3-BF4B-00C04F79EFBC}") = "TestNinja.UnitTests", "TestNinja.UnitTests\TestNinja.UnitTests.csproj", "{BF5D7816-22DC-4E16-A04B-8AEF2F29507C}"
EndProject
Global
	GlobalSection(SolutionConfigurationPlatforms) = preSolution
		Debug|Any CPU = Debug|Any CPU
		Release|Any CPU = Release|Any CPU
	EndGlobalSection
	GlobalSection(ProjectConfigurationPlatforms) = postSolution
		{38C0D4E0-624B-4345-9E80-EF38C213BFE4}.Debug|Any CPU.ActiveCfg = Debug|Any CPU
		{38C0D4E0-624B-4345-9E80-EF38C213BFE4}.Debug|Any CPU.Build.0 = Debug|Any CPU
		{38C0D4E0-624B-4345-9E80-EF38C213BFE4}.Release|Any CPU.ActiveCfg = Release|Any CPU
		{38C0D4E0-624B-4345-9E80-EF38C213BFE4}.Release|Any CPU.Build.0 = Release|Any CPU
		{BF5D7816-22DC-4E16-A04B-8AEF2F29507C}.Debug|Any CPU.ActiveCfg = Debug|Any CPU
		{BF5D7816-22DC-4E16-A04B-8AEF2F29507C}.Debug|Any CPU.Build.0 = Debug|Any CPU
		{BF5D7816-22DC-4E16-A04B-8AEF2F29507C}.Release|Any CPU.ActiveCfg = Release|Any CPU
		{BF5D7816-22DC-4E16-A04B-8AEF2F29507C}.Release|Any CPU.Build.0 = Release|Any CPU
	EndGlobalSection
	GlobalSection(SolutionProperties) = preSolution
		HideSolutionNode = FALSE
	EndGlobalSection
	GlobalSection(ExtensibilityGlobals) = postSolution
		SolutionGuid = {C8BCC0FF-0F0D-44AE-AD66-6D718A7DED13}
	EndGlobalSection
EndGlobal
